PODS:
  - Charts (3.2.2):
    - Charts/Core (= 3.2.2)
  - Charts/Core (3.2.2)
  - Realm (3.14.1):
    - Realm/Headers (= 3.14.1)
  - Realm/Headers (3.14.1)
  - RealmSwift (3.14.1):
    - Realm (= 3.14.1)
  - SwipeViewController (1.1.1)

DEPENDENCIES:
  - Charts
  - RealmSwift
  - SwipeViewController

SPEC REPOS:
  https://github.com/cocoapods/specs.git:
    - Charts
    - Realm
    - RealmSwift
    - SwipeViewController

SPEC CHECKSUMS:
  Charts: f69cf0518b6d1d62608ca504248f1bbe0b6ae77e
  Realm: e12c9c2387d05c5bba3a9c394838f5870e85763b
  RealmSwift: a82eab9b04c3e1616082c7e17aa300740847769c
  SwipeViewController: 48eef0f9959b795ab4687b95428122597bce3f27

PODFILE CHECKSUM: 2ffcf4862d4ccfa515ecfb96539a2b39587239fc

COCOAPODS: 1.7.0.beta.3
